
Microsoft Visual Studio Solution File, Format Version 12.00
# Visual Studio 15
VisualStudioVersion = 15.0.28307.705
MinimumVisualStudioVersion = 10.0.40219.1
Project("{FAE04EC0-301F-11D3-BF4B-00C04F79EFBC}") = "Registration", "Registration\Registration.csproj", "{6ED92CCF-782C-4058-B083-505030DEF4AB}"
EndProject
Global
	GlobalSection(SolutionConfigurationPlatforms) = preSolution
		Debug|Any CPU = Debug|Any CPU
		Release|Any CPU = Release|Any CPU
	EndGlobalSection
	GlobalSection(ProjectConfigurationPlatforms) = postSolution
		{6ED92CCF-782C-4058-B083-505030DEF4AB}.Debug|Any CPU.ActiveCfg = Debug|Any CPU
		{6ED92CCF-782C-4058-B083-505030DEF4AB}.Debug|Any CPU.Build.0 = Debug|Any CPU
		{6ED92CCF-782C-4058-B083-505030DEF4AB}.Release|Any CPU.ActiveCfg = Release|Any CPU
		{6ED92CCF-782C-4058-B083-505030DEF4AB}.Release|Any CPU.Build.0 = Release|Any CPU
	EndGlobalSection
	GlobalSection(SolutionProperties) = preSolution
		HideSolutionNode = FALSE
	EndGlobalSection
	GlobalSection(ExtensibilityGlobals) = postSolution
		SolutionGuid = {7F5F91BE-F20C-4AE5-9224-001EEFC9AE72}
	EndGlobalSection
EndGlobal
